
Microsoft Visual Studio Solution File, Format Version 12.00
# Visual Studio Version 17
VisualStudioVersion = 17.12.35707.178 d17.12
MinimumVisualStudioVersion = 10.0.40219.1
Project("{FAE04EC0-301F-11D3-BF4B-00C04F79EFBC}") = "Day40_Thread", "Day40_Thread\Day40_Thread.csproj", "{276268A0-9748-41BC-A72C-F1E03535CBC1}"
EndProject
Global
	GlobalSection(SolutionConfigurationPlatforms) = preSolution
		Debug|Any CPU = Debug|Any CPU
		Release|Any CPU = Release|Any CPU
	EndGlobalSection
	GlobalSection(ProjectConfigurationPlatforms) = postSolution
		{276268A0-9748-41BC-A72C-F1E03535CBC1}.Debug|Any CPU.ActiveCfg = Debug|Any CPU
		{276268A0-9748-41BC-A72C-F1E03535CBC1}.Debug|Any CPU.Build.0 = Debug|Any CPU
		{276268A0-9748-41BC-A72C-F1E03535CBC1}.Release|Any CPU.ActiveCfg = Release|Any CPU
		{276268A0-9748-41BC-A72C-F1E03535CBC1}.Release|Any CPU.Build.0 = Release|Any CPU
	EndGlobalSection
	GlobalSection(SolutionProperties) = preSolution
		HideSolutionNode = FALSE
	EndGlobalSection
EndGlobal
