
Microsoft Visual Studio Solution File, Format Version 12.00
# Visual Studio Version 17
VisualStudioVersion = 17.12.35707.178 d17.12
MinimumVisualStudioVersion = 10.0.40219.1
Project("{FAE04EC0-301F-11D3-BF4B-00C04F79EFBC}") = "Day17_1", "Day17_1.csproj", "{66CD9280-0CC8-48E1-9515-5315765814CD}"
EndProject
Global
	GlobalSection(SolutionConfigurationPlatforms) = preSolution
		Debug|Any CPU = Debug|Any CPU
		Release|Any CPU = Release|Any CPU
	EndGlobalSection
	GlobalSection(ProjectConfigurationPlatforms) = postSolution
		{66CD9280-0CC8-48E1-9515-5315765814CD}.Debug|Any CPU.ActiveCfg = Debug|Any CPU
		{66CD9280-0CC8-48E1-9515-5315765814CD}.Debug|Any CPU.Build.0 = Debug|Any CPU
		{66CD9280-0CC8-48E1-9515-5315765814CD}.Release|Any CPU.ActiveCfg = Release|Any CPU
		{66CD9280-0CC8-48E1-9515-5315765814CD}.Release|Any CPU.Build.0 = Release|Any CPU
	EndGlobalSection
	GlobalSection(SolutionProperties) = preSolution
		HideSolutionNode = FALSE
	EndGlobalSection
EndGlobal
